// !$*UTF8*$!
{
	archiveVersion = 1;
	classes = {
	};
	objectVersion = 46;
	objects = {

/* Begin PBXBuildFile section */
		84E0D6F9197C740700A0D7AC /* Foundation.framework in Frameworks */ = {isa = PBXBuildFile; fileRef = 84E0D6F8197C740700A0D7AC /* Foundation.framework */; };
		84E0D6FB197C740700A0D7AC /* CoreGraphics.framework in Frameworks */ = {isa = PBXBuildFile; fileRef = 84E0D6FA197C740700A0D7AC /* CoreGraphics.framework */; };
		84E0D6FD197C740700A0D7AC /* UIKit.framework in Frameworks */ = {isa = PBXBuildFile; fileRef = 84E0D6FC197C740700A0D7AC /* UIKit.framework */; };
		84E0D703197C740700A0D7AC /* InfoPlist.strings in Resources */ = {isa = PBXBuildFile; fileRef = 84E0D701197C740700A0D7AC /* InfoPlist.strings */; };
		84E0D705197C740700A0D7AC /* main.m in Sources */ = {isa = PBXBuildFile; fileRef = 84E0D704197C740700A0D7AC /* main.m */; };
		84E0D709197C740700A0D7AC /* LRCAppDelegate.m in Sources */ = {isa = PBXBuildFile; fileRef = 84E0D708197C740700A0D7AC /* LRCAppDelegate.m */; };
		84E0D70C197C740700A0D7AC /* Main.storyboard in Resources */ = {isa = PBXBuildFile; fileRef = 84E0D70A197C740700A0D7AC /* Main.storyboard */; };
		84E0D70F197C740700A0D7AC /* LRCViewController.m in Sources */ = {isa = PBXBuildFile; fileRef = 84E0D70E197C740700A0D7AC /* LRCViewController.m */; };
		84E0D711197C740700A0D7AC /* Images.xcassets in Resources */ = {isa = PBXBuildFile; fileRef = 84E0D710197C740700A0D7AC /* Images.xcassets */; };
		84E0D718197C740700A0D7AC /* XCTest.framework in Frameworks */ = {isa = PBXBuildFile; fileRef = 84E0D717197C740700A0D7AC /* XCTest.framework */; };
		84E0D719197C740700A0D7AC /* Foundation.framework in Frameworks */ = {isa = PBXBuildFile; fileRef = 84E0D6F8197C740700A0D7AC /* Foundation.framework */; };
		84E0D71A197C740700A0D7AC /* UIKit.framework in Frameworks */ = {isa = PBXBuildFile; fileRef = 84E0D6FC197C740700A0D7AC /* UIKit.framework */; };
		84E0D722197C740700A0D7AC /* InfoPlist.strings in Resources */ = {isa = PBXBuildFile; fileRef = 84E0D720197C740700A0D7AC /* InfoPlist.strings */; };
		84E0D724197C740700A0D7AC /* UserDataChallengeSolutionTests.m in Sources */ = {isa = PBXBuildFile; fileRef = 84E0D723197C740700A0D7AC /* UserDataChallengeSolutionTests.m */; };
		84E0D72F197C743400A0D7AC /* UserData.m in Sources */ = {isa = PBXBuildFile; fileRef = 84E0D72E197C743400A0D7AC /* UserData.m */; };
		84E0D735197C7D4500A0D7AC /* person1.jpeg in Resources */ = {isa = PBXBuildFile; fileRef = 84E0D731197C7D4500A0D7AC /* person1.jpeg */; };
		84E0D736197C7D4500A0D7AC /* person2.jpeg in Resources */ = {isa = PBXBuildFile; fileRef = 84E0D732197C7D4500A0D7AC /* person2.jpeg */; };
		84E0D737197C7D4500A0D7AC /* person3.jpg in Resources */ = {isa = PBXBuildFile; fileRef = 84E0D733197C7D4500A0D7AC /* person3.jpg */; };
		84E0D738197C7D4500A0D7AC /* person4.jpeg in Resources */ = {isa = PBXBuildFile; fileRef = 84E0D734197C7D4500A0D7AC /* person4.jpeg */; };
/* End PBXBuildFile section */

/* Begin PBXContainerItemProxy section */
		84E0D71B197C740700A0D7AC /* PBXContainerItemProxy */ = {
			isa = PBXContainerItemProxy;
			containerPortal = 84E0D6ED197C740700A0D7AC /* Project object */;
			proxyType = 1;
			remoteGlobalIDString = 84E0D6F4197C740700A0D7AC;
			remoteInfo = UserDataChallengeSolution;
		};
/* End PBXContainerItemProxy section */

/* Begin PBXFileReference section */
		84E0D6F5197C740700A0D7AC /* UserDataChallengeSolution.app */ = {isa = PBXFileReference; explicitFileType = wrapper.application; includeInIndex = 0; path = UserDataChallengeSolution.app; sourceTree = BUILT_PRODUCTS_DIR; };
		84E0D6F8197C740700A0D7AC /* Foundation.framework */ = {isa = PBXFileReference; lastKnownFileType = wrapper.framework; name = Foundation.framework; path = System/Library/Frameworks/Foundation.framework; sourceTree = SDKROOT; };
		84E0D6FA197C740700A0D7AC /* CoreGraphics.framework */ = {isa = PBXFileReference; lastKnownFileType = wrapper.framework; name = CoreGraphics.framework; path = System/Library/Frameworks/CoreGraphics.framework; sourceTree = SDKROOT; };
		84E0D6FC197C740700A0D7AC /* UIKit.framework */ = {isa = PBXFileReference; lastKnownFileType = wrapper.framework; name = UIKit.framework; path = System/Library/Frameworks/UIKit.framework; sourceTree = SDKROOT; };
		84E0D700197C740700A0D7AC /* UserDataChallengeSolution-Info.plist */ = {isa = PBXFileReference; lastKnownFileType = text.plist.xml; path = "UserDataChallengeSolution-Info.plist"; sourceTree = "<group>"; };
		84E0D702197C740700A0D7AC /* en */ = {isa = PBXFileReference; lastKnownFileType = text.plist.strings; name = en; path = en.lproj/InfoPlist.strings; sourceTree = "<group>"; };
		84E0D704197C740700A0D7AC /* main.m */ = {isa = PBXFileReference; lastKnownFileType = sourcecode.c.objc; path = main.m; sourceTree = "<group>"; };
		84E0D706197C740700A0D7AC /* UserDataChallengeSolution-Prefix.pch */ = {isa = PBXFileReference; lastKnownFileType = sourcecode.c.h; path = "UserDataChallengeSolution-Prefix.pch"; sourceTree = "<group>"; };
		84E0D707197C740700A0D7AC /* LRCAppDelegate.h */ = {isa = PBXFileReference; lastKnownFileType = sourcecode.c.h; name = LRCAppDelegate.h; path = ../UserDataChallengeSolution/LRCAppDelegate.h; sourceTree = "<group>"; };
		84E0D708197C740700A0D7AC /* LRCAppDelegate.m */ = {isa = PBXFileReference; lastKnownFileType = sourcecode.c.objc; name = LRCAppDelegate.m; path = ../UserDataChallengeSolution/LRCAppDelegate.m; sourceTree = "<group>"; };
		84E0D70B197C740700A0D7AC /* Base */ = {isa = PBXFileReference; lastKnownFileType = file.storyboard; name = Base; path = Base.lproj/Main.storyboard; sourceTree = "<group>"; };
		84E0D70D197C740700A0D7AC /* LRCViewController.h */ = {isa = PBXFileReference; lastKnownFileType = sourcecode.c.h; path = LRCViewController.h; sourceTree = "<group>"; };
		84E0D70E197C740700A0D7AC /* LRCViewController.m */ = {isa = PBXFileReference; lastKnownFileType = sourcecode.c.objc; path = LRCViewController.m; sourceTree = "<group>"; };
		84E0D710197C740700A0D7AC /* Images.xcassets */ = {isa = PBXFileReference; lastKnownFileType = folder.assetcatalog; path = Images.xcassets; sourceTree = "<group>"; };
		84E0D716197C740700A0D7AC /* UserDataChallengeSolutionTests.xctest */ = {isa = PBXFileReference; explicitFileType = wrapper.cfbundle; includeInIndex = 0; path = UserDataChallengeSolutionTests.xctest; sourceTree = BUILT_PRODUCTS_DIR; };
		84E0D717197C740700A0D7AC /* XCTest.framework */ = {isa = PBXFileReference; lastKnownFileType = wrapper.framework; name = XCTest.framework; path = Library/Frameworks/XCTest.framework; sourceTree = DEVELOPER_DIR; };
		84E0D71F197C740700A0D7AC /* UserDataChallengeSolutionTests-Info.plist */ = {isa = PBXFileReference; lastKnownFileType = text.plist.xml; path = "UserDataChallengeSolutionTests-Info.plist"; sourceTree = "<group>"; };
		84E0D721197C740700A0D7AC /* en */ = {isa = PBXFileReference; lastKnownFileType = text.plist.strings; name = en; path = en.lproj/InfoPlist.strings; sourceTree = "<group>"; };
		84E0D723197C740700A0D7AC /* UserDataChallengeSolutionTests.m */ = {isa = PBXFileReference; lastKnownFileType = sourcecode.c.objc; path = UserDataChallengeSolutionTests.m; sourceTree = "<group>"; };
		84E0D72D197C743400A0D7AC /* UserData.h */ = {isa = PBXFileReference; fileEncoding = 4; lastKnownFileType = sourcecode.c.h; name = UserData.h; path = ../UserData.h; sourceTree = "<group>"; };
		84E0D72E197C743400A0D7AC /* UserData.m */ = {isa = PBXFileReference; fileEncoding = 4; lastKnownFileType = sourcecode.c.objc; name = UserData.m; path = ../UserData.m; sourceTree = "<group>"; };
		84E0D731197C7D4500A0D7AC /* person1.jpeg */ = {isa = PBXFileReference; lastKnownFileType = image.jpeg; path = person1.jpeg; sourceTree = "<group>"; };
		84E0D732197C7D4500A0D7AC /* person2.jpeg */ = {isa = PBXFileReference; lastKnownFileType = image.jpeg; path = person2.jpeg; sourceTree = "<group>"; };
		84E0D733197C7D4500A0D7AC /* person3.jpg */ = {isa = PBXFileReference; lastKnownFileType = image.jpeg; path = person3.jpg; sourceTree = "<group>"; };
		84E0D734197C7D4500A0D7AC /* person4.jpeg */ = {isa = PBXFileReference; lastKnownFileType = image.jpeg; path = person4.jpeg; sourceTree = "<group>"; };
/* End PBXFileReference section */

/* Begin PBXFrameworksBuildPhase section */
		84E0D6F2197C740700A0D7AC /* Frameworks */ = {
			isa = PBXFrameworksBuildPhase;
			buildActionMask = 2147483647;
			files = (
				84E0D6FB197C740700A0D7AC /* CoreGraphics.framework in Frameworks */,
				84E0D6FD197C740700A0D7AC /* UIKit.framework in Frameworks */,
				84E0D6F9197C740700A0D7AC /* Foundation.framework in Frameworks */,
			);
			runOnlyForDeploymentPostprocessing = 0;
		};
		84E0D713197C740700A0D7AC /* Frameworks */ = {
			isa = PBXFrameworksBuildPhase;
			buildActionMask = 2147483647;
			files = (
				84E0D718197C740700A0D7AC /* XCTest.framework in Frameworks */,
				84E0D71A197C740700A0D7AC /* UIKit.framework in Frameworks */,
				84E0D719197C740700A0D7AC /* Foundation.framework in Frameworks */,
			);
			runOnlyForDeploymentPostprocessing = 0;
		};
/* End PBXFrameworksBuildPhase section */

/* Begin PBXGroup section */
		84E0D6EC197C740600A0D7AC = {
			isa = PBXGroup;
			children = (
				84E0D6FE197C740700A0D7AC /* UserDataChallengeSolution */,
				84E0D71D197C740700A0D7AC /* UserDataChallengeSolutionTests */,
				84E0D6F7197C740700A0D7AC /* Frameworks */,
				84E0D6F6197C740700A0D7AC /* Products */,
			);
			sourceTree = "<group>";
		};
		84E0D6F6197C740700A0D7AC /* Products */ = {
			isa = PBXGroup;
			children = (
				84E0D6F5197C740700A0D7AC /* UserDataChallengeSolution.app */,
				84E0D716197C740700A0D7AC /* UserDataChallengeSolutionTests.xctest */,
			);
			name = Products;
			sourceTree = "<group>";
		};
		84E0D6F7197C740700A0D7AC /* Frameworks */ = {
			isa = PBXGroup;
			children = (
				84E0D6F8197C740700A0D7AC /* Foundation.framework */,
				84E0D6FA197C740700A0D7AC /* CoreGraphics.framework */,
				84E0D6FC197C740700A0D7AC /* UIKit.framework */,
				84E0D717197C740700A0D7AC /* XCTest.framework */,
			);
			name = Frameworks;
			sourceTree = "<group>";
		};
		84E0D6FE197C740700A0D7AC /* UserDataChallengeSolution */ = {
			isa = PBXGroup;
			children = (
				84E0D70A197C740700A0D7AC /* Main.storyboard */,
				84E0D70D197C740700A0D7AC /* LRCViewController.h */,
				84E0D70E197C740700A0D7AC /* LRCViewController.m */,
				84E0D72D197C743400A0D7AC /* UserData.h */,
				84E0D72E197C743400A0D7AC /* UserData.m */,
				84E0D710197C740700A0D7AC /* Images.xcassets */,
				84E0D730197C7D4500A0D7AC /* person-images */,
				84E0D6FF197C740700A0D7AC /* Supporting Files */,
			);
			path = UserDataChallengeSolution;
			sourceTree = "<group>";
		};
		84E0D6FF197C740700A0D7AC /* Supporting Files */ = {
			isa = PBXGroup;
			children = (
				84E0D700197C740700A0D7AC /* UserDataChallengeSolution-Info.plist */,
				84E0D701197C740700A0D7AC /* InfoPlist.strings */,
				84E0D704197C740700A0D7AC /* main.m */,
				84E0D706197C740700A0D7AC /* UserDataChallengeSolution-Prefix.pch */,
			);
			name = "Supporting Files";
			sourceTree = "<group>";
		};
		84E0D71D197C740700A0D7AC /* UserDataChallengeSolutionTests */ = {
			isa = PBXGroup;
			children = (
				84E0D707197C740700A0D7AC /* LRCAppDelegate.h */,
				84E0D708197C740700A0D7AC /* LRCAppDelegate.m */,
				84E0D723197C740700A0D7AC /* UserDataChallengeSolutionTests.m */,
				84E0D71E197C740700A0D7AC /* Supporting Files */,
			);
			path = UserDataChallengeSolutionTests;
			sourceTree = "<group>";
		};
		84E0D71E197C740700A0D7AC /* Supporting Files */ = {
			isa = PBXGroup;
			children = (
				84E0D71F197C740700A0D7AC /* UserDataChallengeSolutionTests-Info.plist */,
				84E0D720197C740700A0D7AC /* InfoPlist.strings */,
			);
			name = "Supporting Files";
			sourceTree = "<group>";
		};
		84E0D730197C7D4500A0D7AC /* person-images */ = {
			isa = PBXGroup;
			children = (
				84E0D731197C7D4500A0D7AC /* person1.jpeg */,
				84E0D732197C7D4500A0D7AC /* person2.jpeg */,
				84E0D733197C7D4500A0D7AC /* person3.jpg */,
				84E0D734197C7D4500A0D7AC /* person4.jpeg */,
			);
			path = "person-images";
			sourceTree = "<group>";
		};
/* End PBXGroup section */

/* Begin PBXNativeTarget section */
		84E0D6F4197C740700A0D7AC /* UserDataChallengeSolution */ = {
			isa = PBXNativeTarget;
			buildConfigurationList = 84E0D727197C740700A0D7AC /* Build configuration list for PBXNativeTarget "UserDataChallengeSolution" */;
			buildPhases = (
				84E0D6F1197C740700A0D7AC /* Sources */,
				84E0D6F2197C740700A0D7AC /* Frameworks */,
				84E0D6F3197C740700A0D7AC /* Resources */,
			);
			buildRules = (
			);
			dependencies = (
			);
			name = UserDataChallengeSolution;
			productName = UserDataChallengeSolution;
			productReference = 84E0D6F5197C740700A0D7AC /* UserDataChallengeSolution.app */;
			productType = "com.apple.product-type.application";
		};
		84E0D715197C740700A0D7AC /* UserDataChallengeSolutionTests */ = {
			isa = PBXNativeTarget;
			buildConfigurationList = 84E0D72A197C740700A0D7AC /* Build configuration list for PBXNativeTarget "UserDataChallengeSolutionTests" */;
			buildPhases = (
				84E0D712197C740700A0D7AC /* Sources */,
				84E0D713197C740700A0D7AC /* Frameworks */,
				84E0D714197C740700A0D7AC /* Resources */,
			);
			buildRules = (
			);
			dependencies = (
				84E0D71C197C740700A0D7AC /* PBXTargetDependency */,
			);
			name = UserDataChallengeSolutionTests;
			productName = UserDataChallengeSolutionTests;
			productReference = 84E0D716197C740700A0D7AC /* UserDataChallengeSolutionTests.xctest */;
			productType = "com.apple.product-type.bundle.unit-test";
		};
/* End PBXNativeTarget section */

/* Begin PBXProject section */
		84E0D6ED197C740700A0D7AC /* Project object */ = {
			isa = PBXProject;
			attributes = {
				CLASSPREFIX = LRC;
				LastUpgradeCheck = 0510;
				ORGANIZATIONNAME = "Luis Carbuccia";
				TargetAttributes = {
					84E0D715197C740700A0D7AC = {
						TestTargetID = 84E0D6F4197C740700A0D7AC;
					};
				};
			};
			buildConfigurationList = 84E0D6F0197C740700A0D7AC /* Build configuration list for PBXProject "UserDataChallengeSolution" */;
			compatibilityVersion = "Xcode 3.2";
			developmentRegion = English;
			hasScannedForEncodings = 0;
			knownRegions = (
				en,
				Base,
			);
			mainGroup = 84E0D6EC197C740600A0D7AC;
			productRefGroup = 84E0D6F6197C740700A0D7AC /* Products */;
			projectDirPath = "";
			projectRoot = "";
			targets = (
				84E0D6F4197C740700A0D7AC /* UserDataChallengeSolution */,
				84E0D715197C740700A0D7AC /* UserDataChallengeSolutionTests */,
			);
		};
/* End PBXProject section */

/* Begin PBXResourcesBuildPhase section */
		84E0D6F3197C740700A0D7AC /* Resources */ = {
			isa = PBXResourcesBuildPhase;
			buildActionMask = 2147483647;
			files = (
				84E0D737197C7D4500A0D7AC /* person3.jpg in Resources */,
				84E0D735197C7D4500A0D7AC /* person1.jpeg in Resources */,
				84E0D711197C740700A0D7AC /* Images.xcassets in Resources */,
				84E0D703197C740700A0D7AC /* InfoPlist.strings in Resources */,
				84E0D738197C7D4500A0D7AC /* person4.jpeg in Resources */,
				84E0D70C197C740700A0D7AC /* Main.storyboard in Resources */,
				84E0D736197C7D4500A0D7AC /* person2.jpeg in Resources */,
			);
			runOnlyForDeploymentPostprocessing = 0;
		};
		84E0D714197C740700A0D7AC /* Resources */ = {
			isa = PBXResourcesBuildPhase;
			buildActionMask = 2147483647;
			files = (
				84E0D722197C740700A0D7AC /* InfoPlist.strings in Resources */,
			);
			runOnlyForDeploymentPostprocessing = 0;
		};
/* End PBXResourcesBuildPhase section */

/* Begin PBXSourcesBuildPhase section */
		84E0D6F1197C740700A0D7AC /* Sources */ = {
			isa = PBXSourcesBuildPhase;
			buildActionMask = 2147483647;
			files = (
				84E0D709197C740700A0D7AC /* LRCAppDelegate.m in Sources */,
				84E0D705197C740700A0D7AC /* main.m in Sources */,
				84E0D72F197C743400A0D7AC /* UserData.m in Sources */,
				84E0D70F197C740700A0D7AC /* LRCViewController.m in Sources */,
			);
			runOnlyForDeploymentPostprocessing = 0;
		};
		84E0D712197C740700A0D7AC /* Sources */ = {
			isa = PBXSourcesBuildPhase;
			buildActionMask = 2147483647;
			files = (
				84E0D724197C740700A0D7AC /* UserDataChallengeSolutionTests.m in Sources */,
			);
			runOnlyForDeploymentPostprocessing = 0;
		};
/* End PBXSourcesBuildPhase section */

/* Begin PBXTargetDependency section */
		84E0D71C197C740700A0D7AC /* PBXTargetDependency */ = {
			isa = PBXTargetDependency;
			target = 84E0D6F4197C740700A0D7AC /* UserDataChallengeSolution */;
			targetProxy = 84E0D71B197C740700A0D7AC /* PBXContainerItemProxy */;
		};
/* End PBXTargetDependency section */

/* Begin PBXVariantGroup section */
		84E0D701197C740700A0D7AC /* InfoPlist.strings */ = {
			isa = PBXVariantGroup;
			children = (
				84E0D702197C740700A0D7AC /* en */,
			);
			name = InfoPlist.strings;
			sourceTree = "<group>";
		};
		84E0D70A197C740700A0D7AC /* Main.storyboard */ = {
			isa = PBXVariantGroup;
			children = (
				84E0D70B197C740700A0D7AC /* Base */,
			);
			name = Main.storyboard;
			sourceTree = "<group>";
		};
		84E0D720197C740700A0D7AC /* InfoPlist.strings */ = {
			isa = PBXVariantGroup;
			children = (
				84E0D721197C740700A0D7AC /* en */,
			);
			name = InfoPlist.strings;
			sourceTree = "<group>";
		};
/* End PBXVariantGroup section */

/* Begin XCBuildConfiguration section */
		84E0D725197C740700A0D7AC /* Debug */ = {
			isa = XCBuildConfiguration;
			buildSettings = {
				ALWAYS_SEARCH_USER_PATHS = NO;
				CLANG_CXX_LANGUAGE_STANDARD = "gnu++0x";
				CLANG_CXX_LIBRARY = "libc++";
				CLANG_ENABLE_MODULES = YES;
				CLANG_ENABLE_OBJC_ARC = YES;
				CLANG_WARN_BOOL_CONVERSION = YES;
				CLANG_WARN_CONSTANT_CONVERSION = YES;
				CLANG_WARN_DIRECT_OBJC_ISA_USAGE = YES_ERROR;
				CLANG_WARN_EMPTY_BODY = YES;
				CLANG_WARN_ENUM_CONVERSION = YES;
				CLANG_WARN_INT_CONVERSION = YES;
				CLANG_WARN_OBJC_ROOT_CLASS = YES_ERROR;
				CLANG_WARN__DUPLICATE_METHOD_MATCH = YES;
				"CODE_SIGN_IDENTITY[sdk=iphoneos*]" = "iPhone Developer";
				COPY_PHASE_STRIP = NO;
				GCC_C_LANGUAGE_STANDARD = gnu99;
				GCC_DYNAMIC_NO_PIC = NO;
				GCC_OPTIMIZATION_LEVEL = 0;
				GCC_PREPROCESSOR_DEFINITIONS = (
					"DEBUG=1",
					"$(inherited)",
				);
				GCC_SYMBOLS_PRIVATE_EXTERN = NO;
				GCC_WARN_64_TO_32_BIT_CONVERSION = YES;
				GCC_WARN_ABOUT_RETURN_TYPE = YES_ERROR;
				GCC_WARN_UNDECLARED_SELECTOR = YES;
				GCC_WARN_UNINITIALIZED_AUTOS = YES_AGGRESSIVE;
				GCC_WARN_UNUSED_FUNCTION = YES;
				GCC_WARN_UNUSED_VARIABLE = YES;
				IPHONEOS_DEPLOYMENT_TARGET = 7.1;
				ONLY_ACTIVE_ARCH = YES;
				SDKROOT = iphoneos;
			};
			name = Debug;
		};
		84E0D726197C740700A0D7AC /* Release */ = {
			isa = XCBuildConfiguration;
			buildSettings = {
				ALWAYS_SEARCH_USER_PATHS = NO;
				CLANG_CXX_LANGUAGE_STANDARD = "gnu++0x";
				CLANG_CXX_LIBRARY = "libc++";
				CLANG_ENABLE_MODULES = YES;
				CLANG_ENABLE_OBJC_ARC = YES;
				CLANG_WARN_BOOL_CONVERSION = YES;
				CLANG_WARN_CONSTANT_CONVERSION = YES;
				CLANG_WARN_DIRECT_OBJC_ISA_USAGE = YES_ERROR;
				CLANG_WARN_EMPTY_BODY = YES;
				CLANG_WARN_ENUM_CONVERSION = YES;
				CLANG_WARN_INT_CONVERSION = YES;
				CLANG_WARN_OBJC_ROOT_CLASS = YES_ERROR;
				CLANG_WARN__DUPLICATE_METHOD_MATCH = YES;
				"CODE_SIGN_IDENTITY[sdk=iphoneos*]" = "iPhone Developer";
				COPY_PHASE_STRIP = YES;
				ENABLE_NS_ASSERTIONS = NO;
				GCC_C_LANGUAGE_STANDARD = gnu99;
				GCC_WARN_64_TO_32_BIT_CONVERSION = YES;
				GCC_WARN_ABOUT_RETURN_TYPE = YES_ERROR;
				GCC_WARN_UNDECLARED_SELECTOR = YES;
				GCC_WARN_UNINITIALIZED_AUTOS = YES_AGGRESSIVE;
				GCC_WARN_UNUSED_FUNCTION = YES;
				GCC_WARN_UNUSED_VARIABLE = YES;
				IPHONEOS_DEPLOYMENT_TARGET = 7.1;
				SDKROOT = iphoneos;
				VALIDATE_PRODUCT = YES;
			};
			name = Release;
		};
		84E0D728197C740700A0D7AC /* Debug */ = {
			isa = XCBuildConfiguration;
			buildSettings = {
				ASSETCATALOG_COMPILER_APPICON_NAME = AppIcon;
				ASSETCATALOG_COMPILER_LAUNCHIMAGE_NAME = LaunchImage;
				GCC_PRECOMPILE_PREFIX_HEADER = YES;
				GCC_PREFIX_HEADER = "UserDataChallengeSolution/UserDataChallengeSolution-Prefix.pch";
				INFOPLIST_FILE = "UserDataChallengeSolution/UserDataChallengeSolution-Info.plist";
				PRODUCT_NAME = "$(TARGET_NAME)";
				WRAPPER_EXTENSION = app;
			};
			name = Debug;
		};
		84E0D729197C740700A0D7AC /* Release */ = {
			isa = XCBuildConfiguration;
			buildSettings = {
				ASSETCATALOG_COMPILER_APPICON_NAME = AppIcon;
				ASSETCATALOG_COMPILER_LAUNCHIMAGE_NAME = LaunchImage;
				GCC_PRECOMPILE_PREFIX_HEADER = YES;
				GCC_PREFIX_HEADER = "UserDataChallengeSolution/UserDataChallengeSolution-Prefix.pch";
				INFOPLIST_FILE = "UserDataChallengeSolution/UserDataChallengeSolution-Info.plist";
				PRODUCT_NAME = "$(TARGET_NAME)";
				WRAPPER_EXTENSION = app;
			};
			name = Release;
		};
		84E0D72B197C740700A0D7AC /* Debug */ = {
			isa = XCBuildConfiguration;
			buildSettings = {
				BUNDLE_LOADER = "$(BUILT_PRODUCTS_DIR)/UserDataChallengeSolution.app/UserDataChallengeSolution";
				FRAMEWORK_SEARCH_PATHS = (
					"$(SDKROOT)/Developer/Library/Frameworks",
					"$(inherited)",
					"$(DEVELOPER_FRAMEWORKS_DIR)",
				);
				GCC_PRECOMPILE_PREFIX_HEADER = YES;
				GCC_PREFIX_HEADER = "UserDataChallengeSolution/UserDataChallengeSolution-Prefix.pch";
				GCC_PREPROCESSOR_DEFINITIONS = (
					"DEBUG=1",
					"$(inherited)",
				);
				INFOPLIST_FILE = "UserDataChallengeSolutionTests/UserDataChallengeSolutionTests-Info.plist";
				PRODUCT_NAME = "$(TARGET_NAME)";
				TEST_HOST = "$(BUNDLE_LOADER)";
				WRAPPER_EXTENSION = xctest;
			};
			name = Debug;
		};
		84E0D72C197C740700A0D7AC /* Release */ = {
			isa = XCBuildConfiguration;
			buildSettings = {
				BUNDLE_LOADER = "$(BUILT_PRODUCTS_DIR)/UserDataChallengeSolution.app/UserDataChallengeSolution";
				FRAMEWORK_SEARCH_PATHS = (
					"$(SDKROOT)/Developer/Library/Frameworks",
					"$(inherited)",
					"$(DEVELOPER_FRAMEWORKS_DIR)",
				);
				GCC_PRECOMPILE_PREFIX_HEADER = YES;
				GCC_PREFIX_HEADER = "UserDataChallengeSolution/UserDataChallengeSolution-Prefix.pch";
				INFOPLIST_FILE = "UserDataChallengeSolutionTests/UserDataChallengeSolutionTests-Info.plist";
				PRODUCT_NAME = "$(TARGET_NAME)";
				TEST_HOST = "$(BUNDLE_LOADER)";
				WRAPPER_EXTENSION = xctest;
			};
			name = Release;
		};
/* End XCBuildConfiguration section */

/* Begin XCConfigurationList section */
		84E0D6F0197C740700A0D7AC /* Build configuration list for PBXProject "UserDataChallengeSolution" */ = {
			isa = XCConfigurationList;
			buildConfigurations = (
				84E0D725197C740700A0D7AC /* Debug */,
				84E0D726197C740700A0D7AC /* Release */,
			);
			defaultConfigurationIsVisible = 0;
			defaultConfigurationName = Release;
		};
		84E0D727197C740700A0D7AC /* Build configuration list for PBXNativeTarget "UserDataChallengeSolution" */ = {
			isa = XCConfigurationList;
			buildConfigurations = (
				84E0D728197C740700A0D7AC /* Debug */,
				84E0D729197C740700A0D7AC /* Release */,
			);
			defaultConfigurationIsVisible = 0;
		};
		84E0D72A197C740700A0D7AC /* Build configuration list for PBXNativeTarget "UserDataChallengeSolutionTests" */ = {
			isa = XCConfigurationList;
			buildConfigurations = (
				84E0D72B197C740700A0D7AC /* Debug */,
				84E0D72C197C740700A0D7AC /* Release */,
			);
			defaultConfigurationIsVisible = 0;
		};
/* End XCConfigurationList section */
	};
	rootObject = 84E0D6ED197C740700A0D7AC /* Project object */;
}
